// !$*UTF8*$!
{
	archiveVersion = 1;
	classes = {
	};
	objectVersion = 55;
	objects = {

/* Begin PBXBuildFile section */
		45DD7F57280DA7F50067D7CB /* FruitKuApp.swift in Sources */ = {isa = PBXBuildFile; fileRef = 45DD7F56280DA7F50067D7CB /* FruitKuApp.swift */; };
		45DD7F59280DA7F50067D7CB /* ContentView.swift in Sources */ = {isa = PBXBuildFile; fileRef = 45DD7F58280DA7F50067D7CB /* ContentView.swift */; };
		45DD7F5B280DA7F80067D7CB /* Assets.xcassets in Resources */ = {isa = PBXBuildFile; fileRef = 45DD7F5A280DA7F80067D7CB /* Assets.xcassets */; };
		45DD7F5E280DA7F80067D7CB /* Preview Assets.xcassets in Resources */ = {isa = PBXBuildFile; fileRef = 45DD7F5D280DA7F80067D7CB /* Preview Assets.xcassets */; };
		45DD7F68280DA7F80067D7CB /* FruitKuTests.swift in Sources */ = {isa = PBXBuildFile; fileRef = 45DD7F67280DA7F80067D7CB /* FruitKuTests.swift */; };
		45DD7F72280DA7F80067D7CB /* FruitKuUITests.swift in Sources */ = {isa = PBXBuildFile; fileRef = 45DD7F71280DA7F80067D7CB /* FruitKuUITests.swift */; };
		45DD7F74280DA7F80067D7CB /* FruitKuUITestsLaunchTests.swift in Sources */ = {isa = PBXBuildFile; fileRef = 45DD7F73280DA7F80067D7CB /* FruitKuUITestsLaunchTests.swift */; };
/* End PBXBuildFile section */

/* Begin PBXContainerItemProxy section */
		45DD7F64280DA7F80067D7CB /* PBXContainerItemProxy */ = {
			isa = PBXContainerItemProxy;
			containerPortal = 45DD7F4B280DA7F50067D7CB /* Project object */;
			proxyType = 1;
			remoteGlobalIDString = 45DD7F52280DA7F50067D7CB;
			remoteInfo = FruitKu;
		};
		45DD7F6E280DA7F80067D7CB /* PBXContainerItemProxy */ = {
			isa = PBXContainerItemProxy;
			containerPortal = 45DD7F4B280DA7F50067D7CB /* Project object */;
			proxyType = 1;
			remoteGlobalIDString = 45DD7F52280DA7F50067D7CB;
			remoteInfo = FruitKu;
		};
/* End PBXContainerItemProxy section */

/* Begin PBXFileReference section */
		45DD7F53280DA7F50067D7CB /* FruitKu.app */ = {isa = PBXFileReference; explicitFileType = wrapper.application; includeInIndex = 0; path = FruitKu.app; sourceTree = BUILT_PRODUCTS_DIR; };
		45DD7F56280DA7F50067D7CB /* FruitKuApp.swift */ = {isa = PBXFileReference; lastKnownFileType = sourcecode.swift; path = FruitKuApp.swift; sourceTree = "<group>"; };
		45DD7F58280DA7F50067D7CB /* ContentView.swift */ = {isa = PBXFileReference; lastKnownFileType = sourcecode.swift; path = ContentView.swift; sourceTree = "<group>"; };
		45DD7F5A280DA7F80067D7CB /* Assets.xcassets */ = {isa = PBXFileReference; lastKnownFileType = folder.assetcatalog; path = Assets.xcassets; sourceTree = "<group>"; };
		45DD7F5D280DA7F80067D7CB /* Preview Assets.xcassets */ = {isa = PBXFileReference; lastKnownFileType = folder.assetcatalog; path = "Preview Assets.xcassets"; sourceTree = "<group>"; };
		45DD7F63280DA7F80067D7CB /* FruitKuTests.xctest */ = {isa = PBXFileReference; explicitFileType = wrapper.cfbundle; includeInIndex = 0; path = FruitKuTests.xctest; sourceTree = BUILT_PRODUCTS_DIR; };
		45DD7F67280DA7F80067D7CB /* FruitKuTests.swift */ = {isa = PBXFileReference; lastKnownFileType = sourcecode.swift; path = FruitKuTests.swift; sourceTree = "<group>"; };
		45DD7F6D280DA7F80067D7CB /* FruitKuUITests.xctest */ = {isa = PBXFileReference; explicitFileType = wrapper.cfbundle; includeInIndex = 0; path = FruitKuUITests.xctest; sourceTree = BUILT_PRODUCTS_DIR; };
		45DD7F71280DA7F80067D7CB /* FruitKuUITests.swift */ = {isa = PBXFileReference; lastKnownFileType = sourcecode.swift; path = FruitKuUITests.swift; sourceTree = "<group>"; };
		45DD7F73280DA7F80067D7CB /* FruitKuUITestsLaunchTests.swift */ = {isa = PBXFileReference; lastKnownFileType = sourcecode.swift; path = FruitKuUITestsLaunchTests.swift; sourceTree = "<group>"; };
/* End PBXFileReference section */

/* Begin PBXFrameworksBuildPhase section */
		45DD7F50280DA7F50067D7CB /* Frameworks */ = {
			isa = PBXFrameworksBuildPhase;
			buildActionMask = 2147483647;
			files = (
			);
			runOnlyForDeploymentPostprocessing = 0;
		};
		45DD7F60280DA7F80067D7CB /* Frameworks */ = {
			isa = PBXFrameworksBuildPhase;
			buildActionMask = 2147483647;
			files = (
			);
			runOnlyForDeploymentPostprocessing = 0;
		};
		45DD7F6A280DA7F80067D7CB /* Frameworks */ = {
			isa = PBXFrameworksBuildPhase;
			buildActionMask = 2147483647;
			files = (
			);
			runOnlyForDeploymentPostprocessing = 0;
		};
/* End PBXFrameworksBuildPhase section */

/* Begin PBXGroup section */
		45DD7F4A280DA7F50067D7CB = {
			isa = PBXGroup;
			children = (
				45DD7F55280DA7F50067D7CB /* FruitKu */,
				45DD7F66280DA7F80067D7CB /* FruitKuTests */,
				45DD7F70280DA7F80067D7CB /* FruitKuUITests */,
				45DD7F54280DA7F50067D7CB /* Products */,
			);
			sourceTree = "<group>";
		};
		45DD7F54280DA7F50067D7CB /* Products */ = {
			isa = PBXGroup;
			children = (
				45DD7F53280DA7F50067D7CB /* FruitKu.app */,
				45DD7F63280DA7F80067D7CB /* FruitKuTests.xctest */,
				45DD7F6D280DA7F80067D7CB /* FruitKuUITests.xctest */,
			);
			name = Products;
			sourceTree = "<group>";
		};
		45DD7F55280DA7F50067D7CB /* FruitKu */ = {
			isa = PBXGroup;
			children = (
				45DD7F56280DA7F50067D7CB /* FruitKuApp.swift */,
				45DD7F58280DA7F50067D7CB /* ContentView.swift */,
				45DD7F5A280DA7F80067D7CB /* Assets.xcassets */,
				45DD7F5C280DA7F80067D7CB /* Preview Content */,
			);
			path = FruitKu;
			sourceTree = "<group>";
		};
		45DD7F5C280DA7F80067D7CB /* Preview Content */ = {
			isa = PBXGroup;
			children = (
				45DD7F5D280DA7F80067D7CB /* Preview Assets.xcassets */,
			);
			path = "Preview Content";
			sourceTree = "<group>";
		};
		45DD7F66280DA7F80067D7CB /* FruitKuTests */ = {
			isa = PBXGroup;
			children = (
				45DD7F67280DA7F80067D7CB /* FruitKuTests.swift */,
			);
			path = FruitKuTests;
			sourceTree = "<group>";
		};
		45DD7F70280DA7F80067D7CB /* FruitKuUITests */ = {
			isa = PBXGroup;
			children = (
				45DD7F71280DA7F80067D7CB /* FruitKuUITests.swift */,
				45DD7F73280DA7F80067D7CB /* FruitKuUITestsLaunchTests.swift */,
			);
			path = FruitKuUITests;
			sourceTree = "<group>";
		};
/* End PBXGroup section */

/* Begin PBXNativeTarget section */
		45DD7F52280DA7F50067D7CB /* FruitKu */ = {
			isa = PBXNativeTarget;
			buildConfigurationList = 45DD7F77280DA7F80067D7CB /* Build configuration list for PBXNativeTarget "FruitKu" */;
			buildPhases = (
				45DD7F4F280DA7F50067D7CB /* Sources */,
				45DD7F50280DA7F50067D7CB /* Frameworks */,
				45DD7F51280DA7F50067D7CB /* Resources */,
			);
			buildRules = (
			);
			dependencies = (
			);
			name = FruitKu;
			productName = FruitKu;
			productReference = 45DD7F53280DA7F50067D7CB /* FruitKu.app */;
			productType = "com.apple.product-type.application";
		};
		45DD7F62280DA7F80067D7CB /* FruitKuTests */ = {
			isa = PBXNativeTarget;
			buildConfigurationList = 45DD7F7A280DA7F80067D7CB /* Build configuration list for PBXNativeTarget "FruitKuTests" */;
			buildPhases = (
				45DD7F5F280DA7F80067D7CB /* Sources */,
				45DD7F60280DA7F80067D7CB /* Frameworks */,
				45DD7F61280DA7F80067D7CB /* Resources */,
			);
			buildRules = (
			);
			dependencies = (
				45DD7F65280DA7F80067D7CB /* PBXTargetDependency */,
			);
			name = FruitKuTests;
			productName = FruitKuTests;
			productReference = 45DD7F63280DA7F80067D7CB /* FruitKuTests.xctest */;
			productType = "com.apple.product-type.bundle.unit-test";
		};
		45DD7F6C280DA7F80067D7CB /* FruitKuUITests */ = {
			isa = PBXNativeTarget;
			buildConfigurationList = 45DD7F7D280DA7F80067D7CB /* Build configuration list for PBXNativeTarget "FruitKuUITests" */;
			buildPhases = (
				45DD7F69280DA7F80067D7CB /* Sources */,
				45DD7F6A280DA7F80067D7CB /* Frameworks */,
				45DD7F6B280DA7F80067D7CB /* Resources */,
			);
			buildRules = (
			);
			dependencies = (
				45DD7F6F280DA7F80067D7CB /* PBXTargetDependency */,
			);
			name = FruitKuUITests;
			productName = FruitKuUITests;
			productReference = 45DD7F6D280DA7F80067D7CB /* FruitKuUITests.xctest */;
			productType = "com.apple.product-type.bundle.ui-testing";
		};
/* End PBXNativeTarget section */

/* Begin PBXProject section */
		45DD7F4B280DA7F50067D7CB /* Project object */ = {
			isa = PBXProject;
			attributes = {
				BuildIndependentTargetsInParallel = 1;
				LastSwiftUpdateCheck = 1330;
				LastUpgradeCheck = 1330;
				TargetAttributes = {
					45DD7F52280DA7F50067D7CB = {
						CreatedOnToolsVersion = 13.3;
					};
					45DD7F62280DA7F80067D7CB = {
						CreatedOnToolsVersion = 13.3;
						TestTargetID = 45DD7F52280DA7F50067D7CB;
					};
					45DD7F6C280DA7F80067D7CB = {
						CreatedOnToolsVersion = 13.3;
						TestTargetID = 45DD7F52280DA7F50067D7CB;
					};
				};
			};
			buildConfigurationList = 45DD7F4E280DA7F50067D7CB /* Build configuration list for PBXProject "FruitKu" */;
			compatibilityVersion = "Xcode 13.0";
			developmentRegion = en;
			hasScannedForEncodings = 0;
			knownRegions = (
				en,
				Base,
			);
			mainGroup = 45DD7F4A280DA7F50067D7CB;
			productRefGroup = 45DD7F54280DA7F50067D7CB /* Products */;
			projectDirPath = "";
			projectRoot = "";
			targets = (
				45DD7F52280DA7F50067D7CB /* FruitKu */,
				45DD7F62280DA7F80067D7CB /* FruitKuTests */,
				45DD7F6C280DA7F80067D7CB /* FruitKuUITests */,
			);
		};
/* End PBXProject section */

/* Begin PBXResourcesBuildPhase section */
		45DD7F51280DA7F50067D7CB /* Resources */ = {
			isa = PBXResourcesBuildPhase;
			buildActionMask = 2147483647;
			files = (
				45DD7F5E280DA7F80067D7CB /* Preview Assets.xcassets in Resources */,
				45DD7F5B280DA7F80067D7CB /* Assets.xcassets in Resources */,
			);
			runOnlyForDeploymentPostprocessing = 0;
		};
		45DD7F61280DA7F80067D7CB /* Resources */ = {
			isa = PBXResourcesBuildPhase;
			buildActionMask = 2147483647;
			files = (
			);
			runOnlyForDeploymentPostprocessing = 0;
		};
		45DD7F6B280DA7F80067D7CB /* Resources */ = {
			isa = PBXResourcesBuildPhase;
			buildActionMask = 2147483647;
			files = (
			);
			runOnlyForDeploymentPostprocessing = 0;
		};
/* End PBXResourcesBuildPhase section */

/* Begin PBXSourcesBuildPhase section */
		45DD7F4F280DA7F50067D7CB /* Sources */ = {
			isa = PBXSourcesBuildPhase;
			buildActionMask = 2147483647;
			files = (
				45DD7F59280DA7F50067D7CB /* ContentView.swift in Sources */,
				45DD7F57280DA7F50067D7CB /* FruitKuApp.swift in Sources */,
			);
			runOnlyForDeploymentPostprocessing = 0;
		};
		45DD7F5F280DA7F80067D7CB /* Sources */ = {
			isa = PBXSourcesBuildPhase;
			buildActionMask = 2147483647;
			files = (
				45DD7F68280DA7F80067D7CB /* FruitKuTests.swift in Sources */,
			);
			runOnlyForDeploymentPostprocessing = 0;
		};
		45DD7F69280DA7F80067D7CB /* Sources */ = {
			isa = PBXSourcesBuildPhase;
			buildActionMask = 2147483647;
			files = (
				45DD7F72280DA7F80067D7CB /* FruitKuUITests.swift in Sources */,
				45DD7F74280DA7F80067D7CB /* FruitKuUITestsLaunchTests.swift in Sources */,
			);
			runOnlyForDeploymentPostprocessing = 0;
		};
/* End PBXSourcesBuildPhase section */

/* Begin PBXTargetDependency section */
		45DD7F65280DA7F80067D7CB /* PBXTargetDependency */ = {
			isa = PBXTargetDependency;
			target = 45DD7F52280DA7F50067D7CB /* FruitKu */;
			targetProxy = 45DD7F64280DA7F80067D7CB /* PBXContainerItemProxy */;
		};
		45DD7F6F280DA7F80067D7CB /* PBXTargetDependency */ = {
			isa = PBXTargetDependency;
			target = 45DD7F52280DA7F50067D7CB /* FruitKu */;
			targetProxy = 45DD7F6E280DA7F80067D7CB /* PBXContainerItemProxy */;
		};
/* End PBXTargetDependency section */

/* Begin XCBuildConfiguration section */
		45DD7F75280DA7F80067D7CB /* Debug */ = {
			isa = XCBuildConfiguration;
			buildSettings = {
				ALWAYS_SEARCH_USER_PATHS = NO;
				CLANG_ANALYZER_NONNULL = YES;
				CLANG_ANALYZER_NUMBER_OBJECT_CONVERSION = YES_AGGRESSIVE;
				CLANG_CXX_LANGUAGE_STANDARD = "gnu++17";
				CLANG_ENABLE_MODULES = YES;
				CLANG_ENABLE_OBJC_ARC = YES;
				CLANG_ENABLE_OBJC_WEAK = YES;
				CLANG_WARN_BLOCK_CAPTURE_AUTORELEASING = YES;
				CLANG_WARN_BOOL_CONVERSION = YES;
				CLANG_WARN_COMMA = YES;
				CLANG_WARN_CONSTANT_CONVERSION = YES;
				CLANG_WARN_DEPRECATED_OBJC_IMPLEMENTATIONS = YES;
				CLANG_WARN_DIRECT_OBJC_ISA_USAGE = YES_ERROR;
				CLANG_WARN_DOCUMENTATION_COMMENTS = YES;
				CLANG_WARN_EMPTY_BODY = YES;
				CLANG_WARN_ENUM_CONVERSION = YES;
				CLANG_WARN_INFINITE_RECURSION = YES;
				CLANG_WARN_INT_CONVERSION = YES;
				CLANG_WARN_NON_LITERAL_NULL_CONVERSION = YES;
				CLANG_WARN_OBJC_IMPLICIT_RETAIN_SELF = YES;
				CLANG_WARN_OBJC_LITERAL_CONVERSION = YES;
				CLANG_WARN_OBJC_ROOT_CLASS = YES_ERROR;
				CLANG_WARN_QUOTED_INCLUDE_IN_FRAMEWORK_HEADER = YES;
				CLANG_WARN_RANGE_LOOP_ANALYSIS = YES;
				CLANG_WARN_STRICT_PROTOTYPES = YES;
				CLANG_WARN_SUSPICIOUS_MOVE = YES;
				CLANG_WARN_UNGUARDED_AVAILABILITY = YES_AGGRESSIVE;
				CLANG_WARN_UNREACHABLE_CODE = YES;
				CLANG_WARN__DUPLICATE_METHOD_MATCH = YES;
				COPY_PHASE_STRIP = NO;
				DEBUG_INFORMATION_FORMAT = dwarf;
				ENABLE_STRICT_OBJC_MSGSEND = YES;
				ENABLE_TESTABILITY = YES;
				GCC_C_LANGUAGE_STANDARD = gnu11;
				GCC_DYNAMIC_NO_PIC = NO;
				GCC_NO_COMMON_BLOCKS = YES;
				GCC_OPTIMIZATION_LEVEL = 0;
				GCC_PREPROCESSOR_DEFINITIONS = (
					"DEBUG=1",
					"$(inherited)",
				);
				GCC_WARN_64_TO_32_BIT_CONVERSION = YES;
				GCC_WARN_ABOUT_RETURN_TYPE = YES_ERROR;
				GCC_WARN_UNDECLARED_SELECTOR = YES;
				GCC_WARN_UNINITIALIZED_AUTOS = YES_AGGRESSIVE;
				GCC_WARN_UNUSED_FUNCTION = YES;
				GCC_WARN_UNUSED_VARIABLE = YES;
				IPHONEOS_DEPLOYMENT_TARGET = 15.4;
				MTL_ENABLE_DEBUG_INFO = INCLUDE_SOURCE;
				MTL_FAST_MATH = YES;
				ONLY_ACTIVE_ARCH = YES;
				SDKROOT = iphoneos;
				SWIFT_ACTIVE_COMPILATION_CONDITIONS = DEBUG;
				SWIFT_OPTIMIZATION_LEVEL = "-Onone";
			};
			name = Debug;
		};
		45DD7F76280DA7F80067D7CB /* Release */ = {
			isa = XCBuildConfiguration;
			buildSettings = {
				ALWAYS_SEARCH_USER_PATHS = NO;
				CLANG_ANALYZER_NONNULL = YES;
				CLANG_ANALYZER_NUMBER_OBJECT_CONVERSION = YES_AGGRESSIVE;
				CLANG_CXX_LANGUAGE_STANDARD = "gnu++17";
				CLANG_ENABLE_MODULES = YES;
				CLANG_ENABLE_OBJC_ARC = YES;
				CLANG_ENABLE_OBJC_WEAK = YES;
				CLANG_WARN_BLOCK_CAPTURE_AUTORELEASING = YES;
				CLANG_WARN_BOOL_CONVERSION = YES;
				CLANG_WARN_COMMA = YES;
				CLANG_WARN_CONSTANT_CONVERSION = YES;
				CLANG_WARN_DEPRECATED_OBJC_IMPLEMENTATIONS = YES;
				CLANG_WARN_DIRECT_OBJC_ISA_USAGE = YES_ERROR;
				CLANG_WARN_DOCUMENTATION_COMMENTS = YES;
				CLANG_WARN_EMPTY_BODY = YES;
				CLANG_WARN_ENUM_CONVERSION = YES;
				CLANG_WARN_INFINITE_RECURSION = YES;
				CLANG_WARN_INT_CONVERSION = YES;
				CLANG_WARN_NON_LITERAL_NULL_CONVERSION = YES;
				CLANG_WARN_OBJC_IMPLICIT_RETAIN_SELF = YES;
				CLANG_WARN_OBJC_LITERAL_CONVERSION = YES;
				CLANG_WARN_OBJC_ROOT_CLASS = YES_ERROR;
				CLANG_WARN_QUOTED_INCLUDE_IN_FRAMEWORK_HEADER = YES;
				CLANG_WARN_RANGE_LOOP_ANALYSIS = YES;
				CLANG_WARN_STRICT_PROTOTYPES = YES;
				CLANG_WARN_SUSPICIOUS_MOVE = YES;
				CLANG_WARN_UNGUARDED_AVAILABILITY = YES_AGGRESSIVE;
				CLANG_WARN_UNREACHABLE_CODE = YES;
				CLANG_WARN__DUPLICATE_METHOD_MATCH = YES;
				COPY_PHASE_STRIP = NO;
				DEBUG_INFORMATION_FORMAT = "dwarf-with-dsym";
				ENABLE_NS_ASSERTIONS = NO;
				ENABLE_STRICT_OBJC_MSGSEND = YES;
				GCC_C_LANGUAGE_STANDARD = gnu11;
				GCC_NO_COMMON_BLOCKS = YES;
				GCC_WARN_64_TO_32_BIT_CONVERSION = YES;
				GCC_WARN_ABOUT_RETURN_TYPE = YES_ERROR;
				GCC_WARN_UNDECLARED_SELECTOR = YES;
				GCC_WARN_UNINITIALIZED_AUTOS = YES_AGGRESSIVE;
				GCC_WARN_UNUSED_FUNCTION = YES;
				GCC_WARN_UNUSED_VARIABLE = YES;
				IPHONEOS_DEPLOYMENT_TARGET = 15.4;
				MTL_ENABLE_DEBUG_INFO = NO;
				MTL_FAST_MATH = YES;
				SDKROOT = iphoneos;
				SWIFT_COMPILATION_MODE = wholemodule;
				SWIFT_OPTIMIZATION_LEVEL = "-O";
				VALIDATE_PRODUCT = YES;
			};
			name = Release;
		};
		45DD7F78280DA7F80067D7CB /* Debug */ = {
			isa = XCBuildConfiguration;
			buildSettings = {
				ASSETCATALOG_COMPILER_APPICON_NAME = AppIcon;
				ASSETCATALOG_COMPILER_GLOBAL_ACCENT_COLOR_NAME = AccentColor;
				CODE_SIGN_STYLE = Automatic;
				CURRENT_PROJECT_VERSION = 1;
				DEVELOPMENT_ASSET_PATHS = "\"FruitKu/Preview Content\"";
				DEVELOPMENT_TEAM = U2M84KZ35U;
				ENABLE_PREVIEWS = YES;
				GENERATE_INFOPLIST_FILE = YES;
				INFOPLIST_KEY_UIApplicationSceneManifest_Generation = YES;
				INFOPLIST_KEY_UIApplicationSupportsIndirectInputEvents = YES;
				INFOPLIST_KEY_UILaunchScreen_Generation = YES;
				INFOPLIST_KEY_UISupportedInterfaceOrientations_iPad = "UIInterfaceOrientationPortrait UIInterfaceOrientationPortraitUpsideDown UIInterfaceOrientationLandscapeLeft UIInterfaceOrientationLandscapeRight";
				INFOPLIST_KEY_UISupportedInterfaceOrientations_iPhone = "UIInterfaceOrientationPortrait UIInterfaceOrientationLandscapeLeft UIInterfaceOrientationLandscapeRight";
				LD_RUNPATH_SEARCH_PATHS = (
					"$(inherited)",
					"@executable_path/Frameworks",
				);
				MARKETING_VERSION = 1.0;
				PRODUCT_BUNDLE_IDENTIFIER = Narely.FruitKu;
				PRODUCT_NAME = "$(TARGET_NAME)";
				SWIFT_EMIT_LOC_STRINGS = YES;
				SWIFT_VERSION = 5.0;
				TARGETED_DEVICE_FAMILY = "1,2";
			};
			name = Debug;
		};
		45DD7F79280DA7F80067D7CB /* Release */ = {
			isa = XCBuildConfiguration;
			buildSettings = {
				ASSETCATALOG_COMPILER_APPICON_NAME = AppIcon;
				ASSETCATALOG_COMPILER_GLOBAL_ACCENT_COLOR_NAME = AccentColor;
				CODE_SIGN_STYLE = Automatic;
				CURRENT_PROJECT_VERSION = 1;
				DEVELOPMENT_ASSET_PATHS = "\"FruitKu/Preview Content\"";
				DEVELOPMENT_TEAM = U2M84KZ35U;
				ENABLE_PREVIEWS = YES;
				GENERATE_INFOPLIST_FILE = YES;
				INFOPLIST_KEY_UIApplicationSceneManifest_Generation = YES;
				INFOPLIST_KEY_UIApplicationSupportsIndirectInputEvents = YES;
				INFOPLIST_KEY_UILaunchScreen_Generation = YES;
				INFOPLIST_KEY_UISupportedInterfaceOrientations_iPad = "UIInterfaceOrientationPortrait UIInterfaceOrientationPortraitUpsideDown UIInterfaceOrientationLandscapeLeft UIInterfaceOrientationLandscapeRight";
				INFOPLIST_KEY_UISupportedInterfaceOrientations_iPhone = "UIInterfaceOrientationPortrait UIInterfaceOrientationLandscapeLeft UIInterfaceOrientationLandscapeRight";
				LD_RUNPATH_SEARCH_PATHS = (
					"$(inherited)",
					"@executable_path/Frameworks",
				);
				MARKETING_VERSION = 1.0;
				PRODUCT_BUNDLE_IDENTIFIER = Narely.FruitKu;
				PRODUCT_NAME = "$(TARGET_NAME)";
				SWIFT_EMIT_LOC_STRINGS = YES;
				SWIFT_VERSION = 5.0;
				TARGETED_DEVICE_FAMILY = "1,2";
			};
			name = Release;
		};
		45DD7F7B280DA7F80067D7CB /* Debug */ = {
			isa = XCBuildConfiguration;
			buildSettings = {
				ALWAYS_EMBED_SWIFT_STANDARD_LIBRARIES = YES;
				BUNDLE_LOADER = "$(TEST_HOST)";
				CODE_SIGN_STYLE = Automatic;
				CURRENT_PROJECT_VERSION = 1;
				DEVELOPMENT_TEAM = U2M84KZ35U;
				GENERATE_INFOPLIST_FILE = YES;
				IPHONEOS_DEPLOYMENT_TARGET = 15.4;
				MARKETING_VERSION = 1.0;
				PRODUCT_BUNDLE_IDENTIFIER = Narely.FruitKuTests;
				PRODUCT_NAME = "$(TARGET_NAME)";
				SWIFT_EMIT_LOC_STRINGS = NO;
				SWIFT_VERSION = 5.0;
				TARGETED_DEVICE_FAMILY = "1,2";
				TEST_HOST = "$(BUILT_PRODUCTS_DIR)/FruitKu.app/FruitKu";
			};
			name = Debug;
		};
		45DD7F7C280DA7F80067D7CB /* Release */ = {
			isa = XCBuildConfiguration;
			buildSettings = {
				ALWAYS_EMBED_SWIFT_STANDARD_LIBRARIES = YES;
				BUNDLE_LOADER = "$(TEST_HOST)";
				CODE_SIGN_STYLE = Automatic;
				CURRENT_PROJECT_VERSION = 1;
				DEVELOPMENT_TEAM = U2M84KZ35U;
				GENERATE_INFOPLIST_FILE = YES;
				IPHONEOS_DEPLOYMENT_TARGET = 15.4;
				MARKETING_VERSION = 1.0;
				PRODUCT_BUNDLE_IDENTIFIER = Narely.FruitKuTests;
				PRODUCT_NAME = "$(TARGET_NAME)";
				SWIFT_EMIT_LOC_STRINGS = NO;
				SWIFT_VERSION = 5.0;
				TARGETED_DEVICE_FAMILY = "1,2";
				TEST_HOST = "$(BUILT_PRODUCTS_DIR)/FruitKu.app/FruitKu";
			};
			name = Release;
		};
		45DD7F7E280DA7F80067D7CB /* Debug */ = {
			isa = XCBuildConfiguration;
			buildSettings = {
				ALWAYS_EMBED_SWIFT_STANDARD_LIBRARIES = YES;
				CODE_SIGN_STYLE = Automatic;
				CURRENT_PROJECT_VERSION = 1;
				DEVELOPMENT_TEAM = U2M84KZ35U;
				GENERATE_INFOPLIST_FILE = YES;
				MARKETING_VERSION = 1.0;
				PRODUCT_BUNDLE_IDENTIFIER = Narely.FruitKuUITests;
				PRODUCT_NAME = "$(TARGET_NAME)";
				SWIFT_EMIT_LOC_STRINGS = NO;
				SWIFT_VERSION = 5.0;
				TARGETED_DEVICE_FAMILY = "1,2";
				TEST_TARGET_NAME = FruitKu;
			};
			name = Debug;
		};
		45DD7F7F280DA7F80067D7CB /* Release */ = {
			isa = XCBuildConfiguration;
			buildSettings = {
				ALWAYS_EMBED_SWIFT_STANDARD_LIBRARIES = YES;
				CODE_SIGN_STYLE = Automatic;
				CURRENT_PROJECT_VERSION = 1;
				DEVELOPMENT_TEAM = U2M84KZ35U;
				GENERATE_INFOPLIST_FILE = YES;
				MARKETING_VERSION = 1.0;
				PRODUCT_BUNDLE_IDENTIFIER = Narely.FruitKuUITests;
				PRODUCT_NAME = "$(TARGET_NAME)";
				SWIFT_EMIT_LOC_STRINGS = NO;
				SWIFT_VERSION = 5.0;
				TARGETED_DEVICE_FAMILY = "1,2";
				TEST_TARGET_NAME = FruitKu;
			};
			name = Release;
		};
/* End XCBuildConfiguration section */

/* Begin XCConfigurationList section */
		45DD7F4E280DA7F50067D7CB /* Build configuration list for PBXProject "FruitKu" */ = {
			isa = XCConfigurationList;
			buildConfigurations = (
				45DD7F75280DA7F80067D7CB /* Debug */,
				45DD7F76280DA7F80067D7CB /* Release */,
			);
			defaultConfigurationIsVisible = 0;
			defaultConfigurationName = Release;
		};
		45DD7F77280DA7F80067D7CB /* Build configuration list for PBXNativeTarget "FruitKu" */ = {
			isa = XCConfigurationList;
			buildConfigurations = (
				45DD7F78280DA7F80067D7CB /* Debug */,
				45DD7F79280DA7F80067D7CB /* Release */,
			);
			defaultConfigurationIsVisible = 0;
			defaultConfigurationName = Release;
		};
		45DD7F7A280DA7F80067D7CB /* Build configuration list for PBXNativeTarget "FruitKuTests" */ = {
			isa = XCConfigurationList;
			buildConfigurations = (
				45DD7F7B280DA7F80067D7CB /* Debug */,
				45DD7F7C280DA7F80067D7CB /* Release */,
			);
			defaultConfigurationIsVisible = 0;
			defaultConfigurationName = Release;
		};
		45DD7F7D280DA7F80067D7CB /* Build configuration list for PBXNativeTarget "FruitKuUITests" */ = {
			isa = XCConfigurationList;
			buildConfigurations = (
				45DD7F7E280DA7F80067D7CB /* Debug */,
				45DD7F7F280DA7F80067D7CB /* Release */,
			);
			defaultConfigurationIsVisible = 0;
			defaultConfigurationName = Release;
		};
/* End XCConfigurationList section */
	};
	rootObject = 45DD7F4B280DA7F50067D7CB /* Project object */;
}
